
Microsoft Visual Studio Solution File, Format Version 12.00
# Visual Studio Version 16
VisualStudioVersion = 16.0.29515.123
MinimumVisualStudioVersion = 10.0.40219.1
Project("{9A19103F-16F7-4668-BE54-9A1E7A4F7556}") = "GiphyDotNet", "GiphyDotNet\GiphyDotNet.csproj", "{010CA48E-D839-4D0A-AB48-0ECDB3073F58}"
EndProject
Project("{FAE04EC0-301F-11D3-BF4B-00C04F79EFBC}") = "GiphyDotNet.Test", "GiphyDotNet.Test\GiphyDotNet.Test.csproj", "{E2E3D75F-6966-42DD-87B9-9451F38730F5}"
EndProject
Global
	GlobalSection(SolutionConfigurationPlatforms) = preSolution
		Debug|Any CPU = Debug|Any CPU
		Release|Any CPU = Release|Any CPU
	EndGlobalSection
	GlobalSection(ProjectConfigurationPlatforms) = postSolution
		{010CA48E-D839-4D0A-AB48-0ECDB3073F58}.Debug|Any CPU.ActiveCfg = Debug|Any CPU
		{010CA48E-D839-4D0A-AB48-0ECDB3073F58}.Debug|Any CPU.Build.0 = Debug|Any CPU
		{010CA48E-D839-4D0A-AB48-0ECDB3073F58}.Release|Any CPU.ActiveCfg = Release|Any CPU
		{010CA48E-D839-4D0A-AB48-0ECDB3073F58}.Release|Any CPU.Build.0 = Release|Any CPU
		{E2E3D75F-6966-42DD-87B9-9451F38730F5}.Debug|Any CPU.ActiveCfg = Debug|Any CPU
		{E2E3D75F-6966-42DD-87B9-9451F38730F5}.Debug|Any CPU.Build.0 = Debug|Any CPU
		{E2E3D75F-6966-42DD-87B9-9451F38730F5}.Release|Any CPU.ActiveCfg = Release|Any CPU
		{E2E3D75F-6966-42DD-87B9-9451F38730F5}.Release|Any CPU.Build.0 = Release|Any CPU
	EndGlobalSection
	GlobalSection(SolutionProperties) = preSolution
		HideSolutionNode = FALSE
	EndGlobalSection
	GlobalSection(ExtensibilityGlobals) = postSolution
		SolutionGuid = {5A19359D-FC35-431E-8EED-7E925277E0D5}
	EndGlobalSection
EndGlobal
