
Microsoft Visual Studio Solution File, Format Version 12.00
# Visual Studio 15
VisualStudioVersion = 15.0.28010.2016
MinimumVisualStudioVersion = 10.0.40219.1
Project("{9A19103F-16F7-4668-BE54-9A1E7A4F7556}") = "GiphyDotNet", "GiphyDotNet\GiphyDotNet.csproj", "{886A37DA-51DB-42ED-8482-2CF828E4E861}"
EndProject
Project("{FAE04EC0-301F-11D3-BF4B-00C04F79EFBC}") = "UnofficialGiphyUwp", "UnofficialGiphyUwp\UnofficialGiphyUwp.csproj", "{FFE6CE15-9FD2-445C-A61E-580FC00E4FCD}"
EndProject
Project("{2150E333-8FDC-42A3-9474-1A3956D46DE8}") = "SampleApp", "SampleApp", "{E40B98B5-2ACD-48B8-B937-D2879573FAA0}"
EndProject
Global
	GlobalSection(SolutionConfigurationPlatforms) = preSolution
		Debug|Any CPU = Debug|Any CPU
		Debug|ARM = Debug|ARM
		Debug|x64 = Debug|x64
		Debug|x86 = Debug|x86
		Release|Any CPU = Release|Any CPU
		Release|ARM = Release|ARM
		Release|x64 = Release|x64
		Release|x86 = Release|x86
	EndGlobalSection
	GlobalSection(ProjectConfigurationPlatforms) = postSolution
		{886A37DA-51DB-42ED-8482-2CF828E4E861}.Debug|Any CPU.ActiveCfg = Debug|Any CPU
		{886A37DA-51DB-42ED-8482-2CF828E4E861}.Debug|Any CPU.Build.0 = Debug|Any CPU
		{886A37DA-51DB-42ED-8482-2CF828E4E861}.Debug|ARM.ActiveCfg = Debug|Any CPU
		{886A37DA-51DB-42ED-8482-2CF828E4E861}.Debug|ARM.Build.0 = Debug|Any CPU
		{886A37DA-51DB-42ED-8482-2CF828E4E861}.Debug|x64.ActiveCfg = Debug|Any CPU
		{886A37DA-51DB-42ED-8482-2CF828E4E861}.Debug|x64.Build.0 = Debug|Any CPU
		{886A37DA-51DB-42ED-8482-2CF828E4E861}.Debug|x86.ActiveCfg = Debug|Any CPU
		{886A37DA-51DB-42ED-8482-2CF828E4E861}.Debug|x86.Build.0 = Debug|Any CPU
		{886A37DA-51DB-42ED-8482-2CF828E4E861}.Release|Any CPU.ActiveCfg = Release|Any CPU
		{886A37DA-51DB-42ED-8482-2CF828E4E861}.Release|Any CPU.Build.0 = Release|Any CPU
		{886A37DA-51DB-42ED-8482-2CF828E4E861}.Release|ARM.ActiveCfg = Release|Any CPU
		{886A37DA-51DB-42ED-8482-2CF828E4E861}.Release|ARM.Build.0 = Release|Any CPU
		{886A37DA-51DB-42ED-8482-2CF828E4E861}.Release|x64.ActiveCfg = Release|Any CPU
		{886A37DA-51DB-42ED-8482-2CF828E4E861}.Release|x64.Build.0 = Release|Any CPU
		{886A37DA-51DB-42ED-8482-2CF828E4E861}.Release|x86.ActiveCfg = Release|Any CPU
		{886A37DA-51DB-42ED-8482-2CF828E4E861}.Release|x86.Build.0 = Release|Any CPU
		{FFE6CE15-9FD2-445C-A61E-580FC00E4FCD}.Debug|Any CPU.ActiveCfg = Debug|x86
		{FFE6CE15-9FD2-445C-A61E-580FC00E4FCD}.Debug|ARM.ActiveCfg = Debug|ARM
		{FFE6CE15-9FD2-445C-A61E-580FC00E4FCD}.Debug|ARM.Build.0 = Debug|ARM
		{FFE6CE15-9FD2-445C-A61E-580FC00E4FCD}.Debug|ARM.Deploy.0 = Debug|ARM
		{FFE6CE15-9FD2-445C-A61E-580FC00E4FCD}.Debug|x64.ActiveCfg = Debug|x64
		{FFE6CE15-9FD2-445C-A61E-580FC00E4FCD}.Debug|x64.Build.0 = Debug|x64
		{FFE6CE15-9FD2-445C-A61E-580FC00E4FCD}.Debug|x64.Deploy.0 = Debug|x64
		{FFE6CE15-9FD2-445C-A61E-580FC00E4FCD}.Debug|x86.ActiveCfg = Debug|x86
		{FFE6CE15-9FD2-445C-A61E-580FC00E4FCD}.Debug|x86.Build.0 = Debug|x86
		{FFE6CE15-9FD2-445C-A61E-580FC00E4FCD}.Debug|x86.Deploy.0 = Debug|x86
		{FFE6CE15-9FD2-445C-A61E-580FC00E4FCD}.Release|Any CPU.ActiveCfg = Release|x86
		{FFE6CE15-9FD2-445C-A61E-580FC00E4FCD}.Release|ARM.ActiveCfg = Release|ARM
		{FFE6CE15-9FD2-445C-A61E-580FC00E4FCD}.Release|ARM.Build.0 = Release|ARM
		{FFE6CE15-9FD2-445C-A61E-580FC00E4FCD}.Release|ARM.Deploy.0 = Release|ARM
		{FFE6CE15-9FD2-445C-A61E-580FC00E4FCD}.Release|x64.ActiveCfg = Release|x64
		{FFE6CE15-9FD2-445C-A61E-580FC00E4FCD}.Release|x64.Build.0 = Release|x64
		{FFE6CE15-9FD2-445C-A61E-580FC00E4FCD}.Release|x64.Deploy.0 = Release|x64
		{FFE6CE15-9FD2-445C-A61E-580FC00E4FCD}.Release|x86.ActiveCfg = Release|x86
		{FFE6CE15-9FD2-445C-A61E-580FC00E4FCD}.Release|x86.Build.0 = Release|x86
		{FFE6CE15-9FD2-445C-A61E-580FC00E4FCD}.Release|x86.Deploy.0 = Release|x86
	EndGlobalSection
	GlobalSection(SolutionProperties) = preSolution
		HideSolutionNode = FALSE
	EndGlobalSection
	GlobalSection(NestedProjects) = preSolution
		{FFE6CE15-9FD2-445C-A61E-580FC00E4FCD} = {E40B98B5-2ACD-48B8-B937-D2879573FAA0}
	EndGlobalSection
	GlobalSection(ExtensibilityGlobals) = postSolution
		SolutionGuid = {171CCD0B-F7E0-4705-AD6F-EFCE41478B5F}
	EndGlobalSection
EndGlobal
